
Microsoft Visual Studio Solution File, Format Version 12.00
# Visual Studio Version 16
VisualStudioVersion = 16.0.29806.167
MinimumVisualStudioVersion = 10.0.40219.1
Project("{FAE04EC0-301F-11D3-BF4B-00C04F79EFBC}") = "AsyncEnumaratorTest", "AsyncEnumaratorTest\AsyncEnumaratorTest.csproj", "{89D37DD4-CA36-429E-AF21-F88208CD2784}"
EndProject
Global
	GlobalSection(SolutionConfigurationPlatforms) = preSolution
		Debug|Any CPU = Debug|Any CPU
		Release|Any CPU = Release|Any CPU
	EndGlobalSection
	GlobalSection(ProjectConfigurationPlatforms) = postSolution
		{89D37DD4-CA36-429E-AF21-F88208CD2784}.Debug|Any CPU.ActiveCfg = Debug|Any CPU
		{89D37DD4-CA36-429E-AF21-F88208CD2784}.Debug|Any CPU.Build.0 = Debug|Any CPU
		{89D37DD4-CA36-429E-AF21-F88208CD2784}.Release|Any CPU.ActiveCfg = Release|Any CPU
		{89D37DD4-CA36-429E-AF21-F88208CD2784}.Release|Any CPU.Build.0 = Release|Any CPU
	EndGlobalSection
	GlobalSection(SolutionProperties) = preSolution
		HideSolutionNode = FALSE
	EndGlobalSection
	GlobalSection(ExtensibilityGlobals) = postSolution
		SolutionGuid = {DF753D07-C3AF-480B-A100-18A70246A580}
	EndGlobalSection
EndGlobal
